
Microsoft Visual Studio Solution File, Format Version 12.00
# Visual Studio 15
VisualStudioVersion = 15.0.28307.757
MinimumVisualStudioVersion = 10.0.40219.1
Project("{FAE04EC0-301F-11D3-BF4B-00C04F79EFBC}") = "WordTool", "WordTool\WordTool.csproj", "{348FE81E-55E6-4643-8169-12B357CB75EF}"
EndProject
Global
	GlobalSection(SolutionConfigurationPlatforms) = preSolution
		Debug|Any CPU = Debug|Any CPU
		Release|Any CPU = Release|Any CPU
	EndGlobalSection
	GlobalSection(ProjectConfigurationPlatforms) = postSolution
		{348FE81E-55E6-4643-8169-12B357CB75EF}.Debug|Any CPU.ActiveCfg = Debug|Any CPU
		{348FE81E-55E6-4643-8169-12B357CB75EF}.Debug|Any CPU.Build.0 = Debug|Any CPU
		{348FE81E-55E6-4643-8169-12B357CB75EF}.Release|Any CPU.ActiveCfg = Release|Any CPU
		{348FE81E-55E6-4643-8169-12B357CB75EF}.Release|Any CPU.Build.0 = Release|Any CPU
	EndGlobalSection
	GlobalSection(SolutionProperties) = preSolution
		HideSolutionNode = FALSE
	EndGlobalSection
	GlobalSection(ExtensibilityGlobals) = postSolution
		SolutionGuid = {7DC52862-C697-4D2C-B8C4-3F7F28227792}
	EndGlobalSection
EndGlobal
